
Microsoft Visual Studio Solution File, Format Version 11.00
# Visual Studio 2010
Project("{FAE04EC0-301F-11D3-BF4B-00C04F79EFBC}") = "VR_Presentation", "Assembly-CSharp-firstpass.csproj", "{6E7430DC-4A2B-5DE7-5D8D-AF43B5AB13F2}"
EndProject
Project("{FAE04EC0-301F-11D3-BF4B-00C04F79EFBC}") = "VR_Presentation", "Assembly-CSharp.csproj", "{531DD9FD-B35E-F99B-A246-025C71B793DC}"
EndProject
Project("{FAE04EC0-301F-11D3-BF4B-00C04F79EFBC}") = "VR_Presentation", "Assembly-CSharp-Editor-firstpass.csproj", "{7B5F1182-70F4-BA0D-0927-CE32561BB500}"
EndProject
Project("{FAE04EC0-301F-11D3-BF4B-00C04F79EFBC}") = "VR_Presentation", "Assembly-CSharp-Editor.csproj", "{FFA474C1-D9C6-2466-79A0-0041434D12B5}"
EndProject
Global
	GlobalSection(SolutionConfigurationPlatforms) = preSolution
		Debug|Any CPU = Debug|Any CPU
		Release|Any CPU = Release|Any CPU
	EndGlobalSection
	GlobalSection(ProjectConfigurationPlatforms) = postSolution
		{6E7430DC-4A2B-5DE7-5D8D-AF43B5AB13F2}.Debug|Any CPU.ActiveCfg = Debug|Any CPU
		{6E7430DC-4A2B-5DE7-5D8D-AF43B5AB13F2}.Debug|Any CPU.Build.0 = Debug|Any CPU
		{6E7430DC-4A2B-5DE7-5D8D-AF43B5AB13F2}.Release|Any CPU.ActiveCfg = Release|Any CPU
		{6E7430DC-4A2B-5DE7-5D8D-AF43B5AB13F2}.Release|Any CPU.Build.0 = Release|Any CPU
		{531DD9FD-B35E-F99B-A246-025C71B793DC}.Debug|Any CPU.ActiveCfg = Debug|Any CPU
		{531DD9FD-B35E-F99B-A246-025C71B793DC}.Debug|Any CPU.Build.0 = Debug|Any CPU
		{531DD9FD-B35E-F99B-A246-025C71B793DC}.Release|Any CPU.ActiveCfg = Release|Any CPU
		{531DD9FD-B35E-F99B-A246-025C71B793DC}.Release|Any CPU.Build.0 = Release|Any CPU
		{7B5F1182-70F4-BA0D-0927-CE32561BB500}.Debug|Any CPU.ActiveCfg = Debug|Any CPU
		{7B5F1182-70F4-BA0D-0927-CE32561BB500}.Debug|Any CPU.Build.0 = Debug|Any CPU
		{7B5F1182-70F4-BA0D-0927-CE32561BB500}.Release|Any CPU.ActiveCfg = Release|Any CPU
		{7B5F1182-70F4-BA0D-0927-CE32561BB500}.Release|Any CPU.Build.0 = Release|Any CPU
		{FFA474C1-D9C6-2466-79A0-0041434D12B5}.Debug|Any CPU.ActiveCfg = Debug|Any CPU
		{FFA474C1-D9C6-2466-79A0-0041434D12B5}.Debug|Any CPU.Build.0 = Debug|Any CPU
		{FFA474C1-D9C6-2466-79A0-0041434D12B5}.Release|Any CPU.ActiveCfg = Release|Any CPU
		{FFA474C1-D9C6-2466-79A0-0041434D12B5}.Release|Any CPU.Build.0 = Release|Any CPU
	EndGlobalSection
	GlobalSection(SolutionProperties) = preSolution
		HideSolutionNode = FALSE
	EndGlobalSection
	GlobalSection(MonoDevelopProperties) = preSolution
		StartupItem = Assembly-CSharp.csproj
	EndGlobalSection
EndGlobal
